{
  "name": "game_of_life",
  "lockfileVersion": 3,
  "requires": true,
  "packages": {
    "": {
      "dependencies": {
        "eruda": "^3.4.3"
      }
    },
    "node_modules/eruda": {
      "version": "3.4.3",
      "resolved": "https://registry.npmjs.org/eruda/-/eruda-3.4.3.tgz",
      "integrity": "sha512-J2TsF4dXSspOXev5bJ6mljv0dRrxj21wklrDzbvPmYaEmVoC+2psylyRi70nUPFh1mTQfIBsSusUtAMZtUN+/w==",
      "license": "MIT"
    }
  }
}
